# This file is automatically @generated by Cargo.
# It is not intended for manual editing.
version = 3

[[package]]
name = "jerusalem_carpet"
version = "0.1.0"
dependencies = [
 "ppmitzador",
]

[[package]]
name = "ppmitzador"
version = "0.1.0"
source = "git+https://github.com/amatgil/ppmitzador#dd8d9b40879e2742b20d88ac93c2d754bc4bba6d"
