# This file is automatically @generated by Cargo.
# It is not intended for manual editing.
version = 3

[[package]]
name = "jerusalem_carpet"
version = "0.1.0"
dependencies = [
 "ppmitzador",
]

[[package]]
name = "ppmitzador"
version = "0.1.0"
source = "git+https://github.com/amatgil/ppmitzador#f9d99cb38425d91bfd4e8cf100b2ffa3e1f9b858"
